// !$*UTF8*$!
{
	archiveVersion = 1;
	classes = {
	};
	objectVersion = 50;
	objects = {

/* Begin PBXBuildFile section */
		17677C4E246A8BDF002EC49E /* AppDelegate.swift in Sources */ = {isa = PBXBuildFile; fileRef = 17677C4D246A8BDF002EC49E /* AppDelegate.swift */; };
		17677C50246A8BDF002EC49E /* SceneDelegate.swift in Sources */ = {isa = PBXBuildFile; fileRef = 17677C4F246A8BDF002EC49E /* SceneDelegate.swift */; };
		17677C53246A8BDF002EC49E /* Comics.xcdatamodeld in Sources */ = {isa = PBXBuildFile; fileRef = 17677C51246A8BDF002EC49E /* Comics.xcdatamodeld */; };
		17677C55246A8BDF002EC49E /* ContentView.swift in Sources */ = {isa = PBXBuildFile; fileRef = 17677C54246A8BDF002EC49E /* ContentView.swift */; };
		17677C57246A8BE1002EC49E /* Assets.xcassets in Resources */ = {isa = PBXBuildFile; fileRef = 17677C56246A8BE1002EC49E /* Assets.xcassets */; };
		17677C5A246A8BE1002EC49E /* Preview Assets.xcassets in Resources */ = {isa = PBXBuildFile; fileRef = 17677C59246A8BE1002EC49E /* Preview Assets.xcassets */; };
		17677C5D246A8BE1002EC49E /* LaunchScreen.storyboard in Resources */ = {isa = PBXBuildFile; fileRef = 17677C5B246A8BE1002EC49E /* LaunchScreen.storyboard */; };
		179A17DB246B5E51005BD9EB /* ViewModel.swift in Sources */ = {isa = PBXBuildFile; fileRef = 179A17DA246B5E51005BD9EB /* ViewModel.swift */; };
		17C5FE0A246B27DE005695B5 /* ScrollableImage.swift in Sources */ = {isa = PBXBuildFile; fileRef = 17C5FE09246B27DE005695B5 /* ScrollableImage.swift */; };
/* End PBXBuildFile section */

/* Begin PBXFileReference section */
		17677C4A246A8BDF002EC49E /* Comics.app */ = {isa = PBXFileReference; explicitFileType = wrapper.application; includeInIndex = 0; path = Comics.app; sourceTree = BUILT_PRODUCTS_DIR; };
		17677C4D246A8BDF002EC49E /* AppDelegate.swift */ = {isa = PBXFileReference; lastKnownFileType = sourcecode.swift; path = AppDelegate.swift; sourceTree = "<group>"; };
		17677C4F246A8BDF002EC49E /* SceneDelegate.swift */ = {isa = PBXFileReference; lastKnownFileType = sourcecode.swift; path = SceneDelegate.swift; sourceTree = "<group>"; };
		17677C52246A8BDF002EC49E /* Comics.xcdatamodel */ = {isa = PBXFileReference; lastKnownFileType = wrapper.xcdatamodel; path = Comics.xcdatamodel; sourceTree = "<group>"; };
		17677C54246A8BDF002EC49E /* ContentView.swift */ = {isa = PBXFileReference; lastKnownFileType = sourcecode.swift; path = ContentView.swift; sourceTree = "<group>"; };
		17677C56246A8BE1002EC49E /* Assets.xcassets */ = {isa = PBXFileReference; lastKnownFileType = folder.assetcatalog; path = Assets.xcassets; sourceTree = "<group>"; };
		17677C59246A8BE1002EC49E /* Preview Assets.xcassets */ = {isa = PBXFileReference; lastKnownFileType = folder.assetcatalog; path = "Preview Assets.xcassets"; sourceTree = "<group>"; };
		17677C5C246A8BE1002EC49E /* Base */ = {isa = PBXFileReference; lastKnownFileType = file.storyboard; name = Base; path = Base.lproj/LaunchScreen.storyboard; sourceTree = "<group>"; };
		17677C5E246A8BE1002EC49E /* Info.plist */ = {isa = PBXFileReference; lastKnownFileType = text.plist.xml; path = Info.plist; sourceTree = "<group>"; };
		17677C64246A9189002EC49E /* README.md */ = {isa = PBXFileReference; lastKnownFileType = net.daringfireball.markdown; path = README.md; sourceTree = "<group>"; };
		179A17DA246B5E51005BD9EB /* ViewModel.swift */ = {isa = PBXFileReference; lastKnownFileType = sourcecode.swift; path = ViewModel.swift; sourceTree = "<group>"; };
		17C5FE09246B27DE005695B5 /* ScrollableImage.swift */ = {isa = PBXFileReference; lastKnownFileType = sourcecode.swift; path = ScrollableImage.swift; sourceTree = "<group>"; };
/* End PBXFileReference section */

/* Begin PBXFrameworksBuildPhase section */
		17677C47246A8BDF002EC49E /* Frameworks */ = {
			isa = PBXFrameworksBuildPhase;
			buildActionMask = 2147483647;
			files = (
			);
			runOnlyForDeploymentPostprocessing = 0;
		};
/* End PBXFrameworksBuildPhase section */

/* Begin PBXGroup section */
		17677C41246A8BDF002EC49E = {
			isa = PBXGroup;
			children = (
				17677C64246A9189002EC49E /* README.md */,
				17677C4C246A8BDF002EC49E /* Comics */,
				17677C4B246A8BDF002EC49E /* Products */,
			);
			sourceTree = "<group>";
		};
		17677C4B246A8BDF002EC49E /* Products */ = {
			isa = PBXGroup;
			children = (
				17677C4A246A8BDF002EC49E /* Comics.app */,
			);
			name = Products;
			sourceTree = "<group>";
		};
		17677C4C246A8BDF002EC49E /* Comics */ = {
			isa = PBXGroup;
			children = (
				17677C4D246A8BDF002EC49E /* AppDelegate.swift */,
				17677C4F246A8BDF002EC49E /* SceneDelegate.swift */,
				17677C54246A8BDF002EC49E /* ContentView.swift */,
				17C5FE09246B27DE005695B5 /* ScrollableImage.swift */,
				179A17DA246B5E51005BD9EB /* ViewModel.swift */,
				17677C56246A8BE1002EC49E /* Assets.xcassets */,
				17677C5B246A8BE1002EC49E /* LaunchScreen.storyboard */,
				17677C5E246A8BE1002EC49E /* Info.plist */,
				17677C51246A8BDF002EC49E /* Comics.xcdatamodeld */,
				17677C58246A8BE1002EC49E /* Preview Content */,
			);
			path = Comics;
			sourceTree = "<group>";
		};
		17677C58246A8BE1002EC49E /* Preview Content */ = {
			isa = PBXGroup;
			children = (
				17677C59246A8BE1002EC49E /* Preview Assets.xcassets */,
			);
			path = "Preview Content";
			sourceTree = "<group>";
		};
/* End PBXGroup section */

/* Begin PBXNativeTarget section */
		17677C49246A8BDF002EC49E /* iOS Comics */ = {
			isa = PBXNativeTarget;
			buildConfigurationList = 17677C61246A8BE1002EC49E /* Build configuration list for PBXNativeTarget "iOS Comics" */;
			buildPhases = (
				17677C46246A8BDF002EC49E /* Sources */,
				17677C47246A8BDF002EC49E /* Frameworks */,
				17677C48246A8BDF002EC49E /* Resources */,
			);
			buildRules = (
			);
			dependencies = (
			);
			name = "iOS Comics";
			productName = Comics;
			productReference = 17677C4A246A8BDF002EC49E /* Comics.app */;
			productType = "com.apple.product-type.application";
		};
/* End PBXNativeTarget section */

/* Begin PBXProject section */
		17677C42246A8BDF002EC49E /* Project object */ = {
			isa = PBXProject;
			attributes = {
				LastSwiftUpdateCheck = 1140;
				LastUpgradeCheck = 1140;
				ORGANIZATIONNAME = Philipp;
				TargetAttributes = {
					17677C49246A8BDF002EC49E = {
						CreatedOnToolsVersion = 11.4.1;
					};
				};
			};
			buildConfigurationList = 17677C45246A8BDF002EC49E /* Build configuration list for PBXProject "Comics" */;
			compatibilityVersion = "Xcode 9.3";
			developmentRegion = en;
			hasScannedForEncodings = 0;
			knownRegions = (
				en,
				Base,
			);
			mainGroup = 17677C41246A8BDF002EC49E;
			productRefGroup = 17677C4B246A8BDF002EC49E /* Products */;
			projectDirPath = "";
			projectRoot = "";
			targets = (
				17677C49246A8BDF002EC49E /* iOS Comics */,
			);
		};
/* End PBXProject section */

/* Begin PBXResourcesBuildPhase section */
		17677C48246A8BDF002EC49E /* Resources */ = {
			isa = PBXResourcesBuildPhase;
			buildActionMask = 2147483647;
			files = (
				17677C5D246A8BE1002EC49E /* LaunchScreen.storyboard in Resources */,
				17677C5A246A8BE1002EC49E /* Preview Assets.xcassets in Resources */,
				17677C57246A8BE1002EC49E /* Assets.xcassets in Resources */,
			);
			runOnlyForDeploymentPostprocessing = 0;
		};
/* End PBXResourcesBuildPhase section */

/* Begin PBXSourcesBuildPhase section */
		17677C46246A8BDF002EC49E /* Sources */ = {
			isa = PBXSourcesBuildPhase;
			buildActionMask = 2147483647;
			files = (
				17677C53246A8BDF002EC49E /* Comics.xcdatamodeld in Sources */,
				17677C4E246A8BDF002EC49E /* AppDelegate.swift in Sources */,
				17C5FE0A246B27DE005695B5 /* ScrollableImage.swift in Sources */,
				17677C55246A8BDF002EC49E /* ContentView.swift in Sources */,
				179A17DB246B5E51005BD9EB /* ViewModel.swift in Sources */,
				17677C50246A8BDF002EC49E /* SceneDelegate.swift in Sources */,
			);
			runOnlyForDeploymentPostprocessing = 0;
		};
/* End PBXSourcesBuildPhase section */

/* Begin PBXVariantGroup section */
		17677C5B246A8BE1002EC49E /* LaunchScreen.storyboard */ = {
			isa = PBXVariantGroup;
			children = (
				17677C5C246A8BE1002EC49E /* Base */,
			);
			name = LaunchScreen.storyboard;
			sourceTree = "<group>";
		};
/* End PBXVariantGroup section */

/* Begin XCBuildConfiguration section */
		17677C5F246A8BE1002EC49E /* Debug */ = {
			isa = XCBuildConfiguration;
			buildSettings = {
				ALWAYS_SEARCH_USER_PATHS = NO;
				CLANG_ANALYZER_NONNULL = YES;
				CLANG_ANALYZER_NUMBER_OBJECT_CONVERSION = YES_AGGRESSIVE;
				CLANG_CXX_LANGUAGE_STANDARD = "gnu++14";
				CLANG_CXX_LIBRARY = "libc++";
				CLANG_ENABLE_MODULES = YES;
				CLANG_ENABLE_OBJC_ARC = YES;
				CLANG_ENABLE_OBJC_WEAK = YES;
				CLANG_WARN_BLOCK_CAPTURE_AUTORELEASING = YES;
				CLANG_WARN_BOOL_CONVERSION = YES;
				CLANG_WARN_COMMA = YES;
				CLANG_WARN_CONSTANT_CONVERSION = YES;
				CLANG_WARN_DEPRECATED_OBJC_IMPLEMENTATIONS = YES;
				CLANG_WARN_DIRECT_OBJC_ISA_USAGE = YES_ERROR;
				CLANG_WARN_DOCUMENTATION_COMMENTS = YES;
				CLANG_WARN_EMPTY_BODY = YES;
				CLANG_WARN_ENUM_CONVERSION = YES;
				CLANG_WARN_INFINITE_RECURSION = YES;
				CLANG_WARN_INT_CONVERSION = YES;
				CLANG_WARN_NON_LITERAL_NULL_CONVERSION = YES;
				CLANG_WARN_OBJC_IMPLICIT_RETAIN_SELF = YES;
				CLANG_WARN_OBJC_LITERAL_CONVERSION = YES;
				CLANG_WARN_OBJC_ROOT_CLASS = YES_ERROR;
				CLANG_WARN_RANGE_LOOP_ANALYSIS = YES;
				CLANG_WARN_STRICT_PROTOTYPES = YES;
				CLANG_WARN_SUSPICIOUS_MOVE = YES;
				CLANG_WARN_UNGUARDED_AVAILABILITY = YES_AGGRESSIVE;
				CLANG_WARN_UNREACHABLE_CODE = YES;
				CLANG_WARN__DUPLICATE_METHOD_MATCH = YES;
				COPY_PHASE_STRIP = NO;
				DEBUG_INFORMATION_FORMAT = dwarf;
				ENABLE_STRICT_OBJC_MSGSEND = YES;
				ENABLE_TESTABILITY = YES;
				GCC_C_LANGUAGE_STANDARD = gnu11;
				GCC_DYNAMIC_NO_PIC = NO;
				GCC_NO_COMMON_BLOCKS = YES;
				GCC_OPTIMIZATION_LEVEL = 0;
				GCC_PREPROCESSOR_DEFINITIONS = (
					"DEBUG=1",
					"$(inherited)",
				);
				GCC_WARN_64_TO_32_BIT_CONVERSION = YES;
				GCC_WARN_ABOUT_RETURN_TYPE = YES_ERROR;
				GCC_WARN_UNDECLARED_SELECTOR = YES;
				GCC_WARN_UNINITIALIZED_AUTOS = YES_AGGRESSIVE;
				GCC_WARN_UNUSED_FUNCTION = YES;
				GCC_WARN_UNUSED_VARIABLE = YES;
				IPHONEOS_DEPLOYMENT_TARGET = 13.4;
				MTL_ENABLE_DEBUG_INFO = INCLUDE_SOURCE;
				MTL_FAST_MATH = YES;
				ONLY_ACTIVE_ARCH = YES;
				SDKROOT = iphoneos;
				SWIFT_ACTIVE_COMPILATION_CONDITIONS = DEBUG;
				SWIFT_OPTIMIZATION_LEVEL = "-Onone";
			};
			name = Debug;
		};
		17677C60246A8BE1002EC49E /* Release */ = {
			isa = XCBuildConfiguration;
			buildSettings = {
				ALWAYS_SEARCH_USER_PATHS = NO;
				CLANG_ANALYZER_NONNULL = YES;
				CLANG_ANALYZER_NUMBER_OBJECT_CONVERSION = YES_AGGRESSIVE;
				CLANG_CXX_LANGUAGE_STANDARD = "gnu++14";
				CLANG_CXX_LIBRARY = "libc++";
				CLANG_ENABLE_MODULES = YES;
				CLANG_ENABLE_OBJC_ARC = YES;
				CLANG_ENABLE_OBJC_WEAK = YES;
				CLANG_WARN_BLOCK_CAPTURE_AUTORELEASING = YES;
				CLANG_WARN_BOOL_CONVERSION = YES;
				CLANG_WARN_COMMA = YES;
				CLANG_WARN_CONSTANT_CONVERSION = YES;
				CLANG_WARN_DEPRECATED_OBJC_IMPLEMENTATIONS = YES;
				CLANG_WARN_DIRECT_OBJC_ISA_USAGE = YES_ERROR;
				CLANG_WARN_DOCUMENTATION_COMMENTS = YES;
				CLANG_WARN_EMPTY_BODY = YES;
				CLANG_WARN_ENUM_CONVERSION = YES;
				CLANG_WARN_INFINITE_RECURSION = YES;
				CLANG_WARN_INT_CONVERSION = YES;
				CLANG_WARN_NON_LITERAL_NULL_CONVERSION = YES;
				CLANG_WARN_OBJC_IMPLICIT_RETAIN_SELF = YES;
				CLANG_WARN_OBJC_LITERAL_CONVERSION = YES;
				CLANG_WARN_OBJC_ROOT_CLASS = YES_ERROR;
				CLANG_WARN_RANGE_LOOP_ANALYSIS = YES;
				CLANG_WARN_STRICT_PROTOTYPES = YES;
				CLANG_WARN_SUSPICIOUS_MOVE = YES;
				CLANG_WARN_UNGUARDED_AVAILABILITY = YES_AGGRESSIVE;
				CLANG_WARN_UNREACHABLE_CODE = YES;
				CLANG_WARN__DUPLICATE_METHOD_MATCH = YES;
				COPY_PHASE_STRIP = NO;
				DEBUG_INFORMATION_FORMAT = "dwarf-with-dsym";
				ENABLE_NS_ASSERTIONS = NO;
				ENABLE_STRICT_OBJC_MSGSEND = YES;
				GCC_C_LANGUAGE_STANDARD = gnu11;
				GCC_NO_COMMON_BLOCKS = YES;
				GCC_WARN_64_TO_32_BIT_CONVERSION = YES;
				GCC_WARN_ABOUT_RETURN_TYPE = YES_ERROR;
				GCC_WARN_UNDECLARED_SELECTOR = YES;
				GCC_WARN_UNINITIALIZED_AUTOS = YES_AGGRESSIVE;
				GCC_WARN_UNUSED_FUNCTION = YES;
				GCC_WARN_UNUSED_VARIABLE = YES;
				IPHONEOS_DEPLOYMENT_TARGET = 13.4;
				MTL_ENABLE_DEBUG_INFO = NO;
				MTL_FAST_MATH = YES;
				SDKROOT = iphoneos;
				SWIFT_COMPILATION_MODE = wholemodule;
				SWIFT_OPTIMIZATION_LEVEL = "-O";
				VALIDATE_PRODUCT = YES;
			};
			name = Release;
		};
		17677C62246A8BE1002EC49E /* Debug */ = {
			isa = XCBuildConfiguration;
			buildSettings = {
				ASSETCATALOG_COMPILER_APPICON_NAME = AppIcon;
				CODE_SIGN_STYLE = Automatic;
				DEVELOPMENT_ASSET_PATHS = "\"Comics/Preview Content\"";
				DEVELOPMENT_TEAM = P8CC95REUG;
				ENABLE_PREVIEWS = YES;
				INFOPLIST_FILE = Comics/Info.plist;
				LD_RUNPATH_SEARCH_PATHS = (
					"$(inherited)",
					"@executable_path/Frameworks",
				);
				PRODUCT_BUNDLE_IDENTIFIER = com.yourcompany.Comics;
				PRODUCT_NAME = Comics;
				SWIFT_VERSION = 5.0;
				TARGETED_DEVICE_FAMILY = "1,2";
			};
			name = Debug;
		};
		17677C63246A8BE1002EC49E /* Release */ = {
			isa = XCBuildConfiguration;
			buildSettings = {
				ASSETCATALOG_COMPILER_APPICON_NAME = AppIcon;
				CODE_SIGN_STYLE = Automatic;
				DEVELOPMENT_ASSET_PATHS = "\"Comics/Preview Content\"";
				DEVELOPMENT_TEAM = P8CC95REUG;
				ENABLE_PREVIEWS = YES;
				INFOPLIST_FILE = Comics/Info.plist;
				LD_RUNPATH_SEARCH_PATHS = (
					"$(inherited)",
					"@executable_path/Frameworks",
				);
				PRODUCT_BUNDLE_IDENTIFIER = com.yourcompany.Comics;
				PRODUCT_NAME = Comics;
				SWIFT_VERSION = 5.0;
				TARGETED_DEVICE_FAMILY = "1,2";
			};
			name = Release;
		};
/* End XCBuildConfiguration section */

/* Begin XCConfigurationList section */
		17677C45246A8BDF002EC49E /* Build configuration list for PBXProject "Comics" */ = {
			isa = XCConfigurationList;
			buildConfigurations = (
				17677C5F246A8BE1002EC49E /* Debug */,
				17677C60246A8BE1002EC49E /* Release */,
			);
			defaultConfigurationIsVisible = 0;
			defaultConfigurationName = Release;
		};
		17677C61246A8BE1002EC49E /* Build configuration list for PBXNativeTarget "iOS Comics" */ = {
			isa = XCConfigurationList;
			buildConfigurations = (
				17677C62246A8BE1002EC49E /* Debug */,
				17677C63246A8BE1002EC49E /* Release */,
			);
			defaultConfigurationIsVisible = 0;
			defaultConfigurationName = Release;
		};
/* End XCConfigurationList section */

/* Begin XCVersionGroup section */
		17677C51246A8BDF002EC49E /* Comics.xcdatamodeld */ = {
			isa = XCVersionGroup;
			children = (
				17677C52246A8BDF002EC49E /* Comics.xcdatamodel */,
			);
			currentVersion = 17677C52246A8BDF002EC49E /* Comics.xcdatamodel */;
			path = Comics.xcdatamodeld;
			sourceTree = "<group>";
			versionGroupType = wrapper.xcdatamodel;
		};
/* End XCVersionGroup section */
	};
	rootObject = 17677C42246A8BDF002EC49E /* Project object */;
}
